
Microsoft Visual Studio Solution File, Format Version 12.00
# Visual Studio Version 16
VisualStudioVersion = 16.0.30709.132
MinimumVisualStudioVersion = 10.0.40219.1
Project("{9A19103F-16F7-4668-BE54-9A1E7A4F7556}") = "PPB", "PPB.csproj", "{A5C0336E-79BF-4485-A84C-7913B5215786}"
EndProject
Project("{FAE04EC0-301F-11D3-BF4B-00C04F79EFBC}") = "PPB.Tests", "..\PPB.Tests\PPB.Tests.csproj", "{DA00DBB6-B83C-4C4D-883B-E062DCCCA993}"
EndProject
Global
	GlobalSection(SolutionConfigurationPlatforms) = preSolution
		Debug|Any CPU = Debug|Any CPU
		Release|Any CPU = Release|Any CPU
	EndGlobalSection
	GlobalSection(ProjectConfigurationPlatforms) = postSolution
		{A5C0336E-79BF-4485-A84C-7913B5215786}.Debug|Any CPU.ActiveCfg = Debug|Any CPU
		{A5C0336E-79BF-4485-A84C-7913B5215786}.Debug|Any CPU.Build.0 = Debug|Any CPU
		{A5C0336E-79BF-4485-A84C-7913B5215786}.Release|Any CPU.ActiveCfg = Release|Any CPU
		{A5C0336E-79BF-4485-A84C-7913B5215786}.Release|Any CPU.Build.0 = Release|Any CPU
		{DA00DBB6-B83C-4C4D-883B-E062DCCCA993}.Debug|Any CPU.ActiveCfg = Debug|Any CPU
		{DA00DBB6-B83C-4C4D-883B-E062DCCCA993}.Debug|Any CPU.Build.0 = Debug|Any CPU
		{DA00DBB6-B83C-4C4D-883B-E062DCCCA993}.Release|Any CPU.ActiveCfg = Release|Any CPU
		{DA00DBB6-B83C-4C4D-883B-E062DCCCA993}.Release|Any CPU.Build.0 = Release|Any CPU
	EndGlobalSection
	GlobalSection(SolutionProperties) = preSolution
		HideSolutionNode = FALSE
	EndGlobalSection
	GlobalSection(ExtensibilityGlobals) = postSolution
		SolutionGuid = {328C66C1-26C8-40E4-BF22-4E8B2A3AF9AE}
	EndGlobalSection
EndGlobal
